{
  "name": "smart-contract-demo",
  "version": "1.0.0",
  "lockfileVersion": 3,
  "requires": true,
  "packages": {
    "": {
      "name": "smart-contract-demo",
      "version": "1.0.0",
      "license": "ISC",
      "dependencies": {
        "graphviz": "^0.0.9",
        "solidity-parser-antlr": "^0.4.11"
      }
    },
    "node_modules/graphviz": {
      "version": "0.0.9",
      "resolved": "https://registry.npmjs.org/graphviz/-/graphviz-0.0.9.tgz",
      "integrity": "sha512-SmoY2pOtcikmMCqCSy2NO1YsRfu9OO0wpTlOYW++giGjfX1a6gax/m1Fo8IdUd0/3H15cTOfR1SMKwohj4LKsg==",
      "license": "GPL-3.0",
      "dependencies": {
        "temp": "~0.4.0"
      },
      "engines": {
        "node": ">=0.6.8"
      }
    },
    "node_modules/solidity-parser-antlr": {
      "version": "0.4.11",
      "resolved": "https://registry.npmjs.org/solidity-parser-antlr/-/solidity-parser-antlr-0.4.11.tgz",
      "integrity": "sha512-4jtxasNGmyC0midtjH/lTFPZYvTTUMy6agYcF+HoMnzW8+cqo3piFrINb4ZCzpPW+7tTVFCGa5ubP34zOzeuMg==",
      "license": "MIT"
    },
    "node_modules/temp": {
      "version": "0.4.0",
      "resolved": "https://registry.npmjs.org/temp/-/temp-0.4.0.tgz",
      "integrity": "sha512-IsFisGgDKk7qzK9erMIkQe/XwiSUdac7z3wYOsjcLkhPBy3k1SlvLoIh2dAHIlEpgA971CgguMrx9z8fFg7tSA==",
      "engines": [
        "node >=0.4.0"
      ]
    }
  }
}
